// !$*UTF8*$!
{
	archiveVersion = 1;
	classes = {
	};
	objectVersion = 55;
	objects = {

/* Begin PBXBuildFile section */
		811C6D5A2965CAA6009BB349 /* ProfileTests.swift in Sources */ = {isa = PBXBuildFile; fileRef = 811C6D592965CAA6009BB349 /* ProfileTests.swift */; };
		81A6B1EA29039380007D31D9 /* AppDelegate.swift in Sources */ = {isa = PBXBuildFile; fileRef = 81A6B1E929039380007D31D9 /* AppDelegate.swift */; };
		81A6B1EE29039380007D31D9 /* LoginViewController.swift in Sources */ = {isa = PBXBuildFile; fileRef = 81A6B1ED29039380007D31D9 /* LoginViewController.swift */; };
		81A6B1F329039382007D31D9 /* Assets.xcassets in Resources */ = {isa = PBXBuildFile; fileRef = 81A6B1F229039382007D31D9 /* Assets.xcassets */; };
		81A6B1F629039382007D31D9 /* LaunchScreen.storyboard in Resources */ = {isa = PBXBuildFile; fileRef = 81A6B1F429039382007D31D9 /* LaunchScreen.storyboard */; };
		81A6B20229039C23007D31D9 /* LoginView.swift in Sources */ = {isa = PBXBuildFile; fileRef = 81A6B20129039C23007D31D9 /* LoginView.swift */; };
		81D5E4C4291F2E87007BB8E1 /* UIViewController+Utils.swift in Sources */ = {isa = PBXBuildFile; fileRef = 81D5E4C3291F2E87007BB8E1 /* UIViewController+Utils.swift */; };
		81D5E4C6291F2F4E007BB8E1 /* MainViewController.swift in Sources */ = {isa = PBXBuildFile; fileRef = 81D5E4C5291F2F4E007BB8E1 /* MainViewController.swift */; };
		81D5E4C9291F3999007BB8E1 /* AccountSummaryViewController.swift in Sources */ = {isa = PBXBuildFile; fileRef = 81D5E4C8291F3999007BB8E1 /* AccountSummaryViewController.swift */; };
		81D5E51C292175B0007BB8E1 /* AccountSummaryHeaderView.swift in Sources */ = {isa = PBXBuildFile; fileRef = 81D5E51B292175B0007BB8E1 /* AccountSummaryHeaderView.swift */; };
		81D5E51E29217645007BB8E1 /* AccountSummaryHeaderView.xib in Resources */ = {isa = PBXBuildFile; fileRef = 81D5E51D29217645007BB8E1 /* AccountSummaryHeaderView.xib */; };
		81D5E52229218684007BB8E1 /* AccountSummaryCell.swift in Sources */ = {isa = PBXBuildFile; fileRef = 81D5E52129218684007BB8E1 /* AccountSummaryCell.swift */; };
		81D5E5242921DA5E007BB8E1 /* Decimal+Utils.swift in Sources */ = {isa = PBXBuildFile; fileRef = 81D5E5232921DA5E007BB8E1 /* Decimal+Utils.swift */; };
		81D5E5262921DA85007BB8E1 /* CurrencyFormatter.swift in Sources */ = {isa = PBXBuildFile; fileRef = 81D5E5252921DA85007BB8E1 /* CurrencyFormatter.swift */; };
		81D5E53529228053007BB8E1 /* CurrencyFormatterTest.swift in Sources */ = {isa = PBXBuildFile; fileRef = 81D5E53429228053007BB8E1 /* CurrencyFormatterTest.swift */; };
		81D5E53729229C66007BB8E1 /* NSNotificationName.swift in Sources */ = {isa = PBXBuildFile; fileRef = 81D5E53629229C66007BB8E1 /* NSNotificationName.swift */; };
		81D5E53929229EF0007BB8E1 /* UITextFieldSecureToggle.swift in Sources */ = {isa = PBXBuildFile; fileRef = 81D5E53829229EF0007BB8E1 /* UITextFieldSecureToggle.swift */; };
		81D64904291AB6220027689C /* OnboardingViewController.swift in Sources */ = {isa = PBXBuildFile; fileRef = 81D64903291AB6220027689C /* OnboardingViewController.swift */; };
		81D64906291AD9860027689C /* DummyViewController.swift in Sources */ = {isa = PBXBuildFile; fileRef = 81D64905291AD9860027689C /* DummyViewController.swift */; };
		81D64909291AE1A70027689C /* LocalState.swift in Sources */ = {isa = PBXBuildFile; fileRef = 81D64908291AE1A70027689C /* LocalState.swift */; };
		81E71AAE2945816A00EDB23A /* Date+Utils.swift in Sources */ = {isa = PBXBuildFile; fileRef = 81E71AAD2945816A00EDB23A /* Date+Utils.swift */; };
		81E71AB02945821F00EDB23A /* AccountSummaryViewController+Networking.swift in Sources */ = {isa = PBXBuildFile; fileRef = 81E71AAF2945821F00EDB23A /* AccountSummaryViewController+Networking.swift */; };
		81F0B4CA290E1ADA008B1B84 /* OnboardingContainerViewController.swift in Sources */ = {isa = PBXBuildFile; fileRef = 81F0B4C9290E1ADA008B1B84 /* OnboardingContainerViewController.swift */; };
/* End PBXBuildFile section */

/* Begin PBXContainerItemProxy section */
		81D5E52F29227F75007BB8E1 /* PBXContainerItemProxy */ = {
			isa = PBXContainerItemProxy;
			containerPortal = 81A6B1DE29039380007D31D9 /* Project object */;
			proxyType = 1;
			remoteGlobalIDString = 81A6B1E529039380007D31D9;
			remoteInfo = Bankey;
		};
/* End PBXContainerItemProxy section */

/* Begin PBXFileReference section */
		811C6D592965CAA6009BB349 /* ProfileTests.swift */ = {isa = PBXFileReference; lastKnownFileType = sourcecode.swift; path = ProfileTests.swift; sourceTree = "<group>"; };
		81A6B1E629039380007D31D9 /* Bankey.app */ = {isa = PBXFileReference; explicitFileType = wrapper.application; includeInIndex = 0; path = Bankey.app; sourceTree = BUILT_PRODUCTS_DIR; };
		81A6B1E929039380007D31D9 /* AppDelegate.swift */ = {isa = PBXFileReference; lastKnownFileType = sourcecode.swift; path = AppDelegate.swift; sourceTree = "<group>"; };
		81A6B1ED29039380007D31D9 /* LoginViewController.swift */ = {isa = PBXFileReference; lastKnownFileType = sourcecode.swift; path = LoginViewController.swift; sourceTree = "<group>"; };
		81A6B1F229039382007D31D9 /* Assets.xcassets */ = {isa = PBXFileReference; lastKnownFileType = folder.assetcatalog; path = Assets.xcassets; sourceTree = "<group>"; };
		81A6B1F529039382007D31D9 /* Base */ = {isa = PBXFileReference; lastKnownFileType = file.storyboard; name = Base; path = Base.lproj/LaunchScreen.storyboard; sourceTree = "<group>"; };
		81A6B1F729039382007D31D9 /* Info.plist */ = {isa = PBXFileReference; lastKnownFileType = text.plist.xml; path = Info.plist; sourceTree = "<group>"; };
		81A6B20129039C23007D31D9 /* LoginView.swift */ = {isa = PBXFileReference; lastKnownFileType = sourcecode.swift; path = LoginView.swift; sourceTree = "<group>"; };
		81D5E4C3291F2E87007BB8E1 /* UIViewController+Utils.swift */ = {isa = PBXFileReference; lastKnownFileType = sourcecode.swift; path = "UIViewController+Utils.swift"; sourceTree = "<group>"; };
		81D5E4C5291F2F4E007BB8E1 /* MainViewController.swift */ = {isa = PBXFileReference; lastKnownFileType = sourcecode.swift; path = MainViewController.swift; sourceTree = "<group>"; };
		81D5E4C8291F3999007BB8E1 /* AccountSummaryViewController.swift */ = {isa = PBXFileReference; lastKnownFileType = sourcecode.swift; path = AccountSummaryViewController.swift; sourceTree = "<group>"; };
		81D5E51B292175B0007BB8E1 /* AccountSummaryHeaderView.swift */ = {isa = PBXFileReference; lastKnownFileType = sourcecode.swift; path = AccountSummaryHeaderView.swift; sourceTree = "<group>"; };
		81D5E51D29217645007BB8E1 /* AccountSummaryHeaderView.xib */ = {isa = PBXFileReference; lastKnownFileType = file.xib; path = AccountSummaryHeaderView.xib; sourceTree = "<group>"; };
		81D5E52129218684007BB8E1 /* AccountSummaryCell.swift */ = {isa = PBXFileReference; lastKnownFileType = sourcecode.swift; path = AccountSummaryCell.swift; sourceTree = "<group>"; };
		81D5E5232921DA5E007BB8E1 /* Decimal+Utils.swift */ = {isa = PBXFileReference; lastKnownFileType = sourcecode.swift; path = "Decimal+Utils.swift"; sourceTree = "<group>"; };
		81D5E5252921DA85007BB8E1 /* CurrencyFormatter.swift */ = {isa = PBXFileReference; lastKnownFileType = sourcecode.swift; path = CurrencyFormatter.swift; sourceTree = "<group>"; };
		81D5E52B29227F74007BB8E1 /* BankeyUnitTests.xctest */ = {isa = PBXFileReference; explicitFileType = wrapper.cfbundle; includeInIndex = 0; path = BankeyUnitTests.xctest; sourceTree = BUILT_PRODUCTS_DIR; };
		81D5E53429228053007BB8E1 /* CurrencyFormatterTest.swift */ = {isa = PBXFileReference; lastKnownFileType = sourcecode.swift; path = CurrencyFormatterTest.swift; sourceTree = "<group>"; };
		81D5E53629229C66007BB8E1 /* NSNotificationName.swift */ = {isa = PBXFileReference; lastKnownFileType = sourcecode.swift; path = NSNotificationName.swift; sourceTree = "<group>"; };
		81D5E53829229EF0007BB8E1 /* UITextFieldSecureToggle.swift */ = {isa = PBXFileReference; lastKnownFileType = sourcecode.swift; path = UITextFieldSecureToggle.swift; sourceTree = "<group>"; };
		81D64903291AB6220027689C /* OnboardingViewController.swift */ = {isa = PBXFileReference; lastKnownFileType = sourcecode.swift; path = OnboardingViewController.swift; sourceTree = "<group>"; };
		81D64905291AD9860027689C /* DummyViewController.swift */ = {isa = PBXFileReference; lastKnownFileType = sourcecode.swift; path = DummyViewController.swift; sourceTree = "<group>"; };
		81D64908291AE1A70027689C /* LocalState.swift */ = {isa = PBXFileReference; lastKnownFileType = sourcecode.swift; path = LocalState.swift; sourceTree = "<group>"; };
		81E71AAD2945816A00EDB23A /* Date+Utils.swift */ = {isa = PBXFileReference; lastKnownFileType = sourcecode.swift; path = "Date+Utils.swift"; sourceTree = "<group>"; };
		81E71AAF2945821F00EDB23A /* AccountSummaryViewController+Networking.swift */ = {isa = PBXFileReference; lastKnownFileType = sourcecode.swift; path = "AccountSummaryViewController+Networking.swift"; sourceTree = "<group>"; };
		81F0B4C9290E1ADA008B1B84 /* OnboardingContainerViewController.swift */ = {isa = PBXFileReference; lastKnownFileType = sourcecode.swift; path = OnboardingContainerViewController.swift; sourceTree = "<group>"; };
/* End PBXFileReference section */

/* Begin PBXFrameworksBuildPhase section */
		81A6B1E329039380007D31D9 /* Frameworks */ = {
			isa = PBXFrameworksBuildPhase;
			buildActionMask = 2147483647;
			files = (
			);
			runOnlyForDeploymentPostprocessing = 0;
		};
		81D5E52829227F74007BB8E1 /* Frameworks */ = {
			isa = PBXFrameworksBuildPhase;
			buildActionMask = 2147483647;
			files = (
			);
			runOnlyForDeploymentPostprocessing = 0;
		};
/* End PBXFrameworksBuildPhase section */

/* Begin PBXGroup section */
		811C6D5729650613009BB349 /* Utils */ = {
			isa = PBXGroup;
			children = (
				81D5E53429228053007BB8E1 /* CurrencyFormatterTest.swift */,
			);
			path = Utils;
			sourceTree = "<group>";
		};
		811C6D5829650627009BB349 /* AccountSummary */ = {
			isa = PBXGroup;
			children = (
				811C6D592965CAA6009BB349 /* ProfileTests.swift */,
			);
			path = AccountSummary;
			sourceTree = "<group>";
		};
		81A6B1DD29039380007D31D9 = {
			isa = PBXGroup;
			children = (
				81A6B1E829039380007D31D9 /* Bankey */,
				81D5E52C29227F75007BB8E1 /* BankeyUnitTests */,
				81A6B1E729039380007D31D9 /* Products */,
			);
			sourceTree = "<group>";
		};
		81A6B1E729039380007D31D9 /* Products */ = {
			isa = PBXGroup;
			children = (
				81A6B1E629039380007D31D9 /* Bankey.app */,
				81D5E52B29227F74007BB8E1 /* BankeyUnitTests.xctest */,
			);
			name = Products;
			sourceTree = "<group>";
		};
		81A6B1E829039380007D31D9 /* Bankey */ = {
			isa = PBXGroup;
			children = (
				81A6B1E929039380007D31D9 /* AppDelegate.swift */,
				81D5E4C5291F2F4E007BB8E1 /* MainViewController.swift */,
				81F0B4C6290E1A3B008B1B84 /* Onboarding */,
				81A6B20029039BCE007D31D9 /* Login */,
				81D5E4C7291F393C007BB8E1 /* AccountSummary */,
				81D64907291AE17F0027689C /* Utils */,
				81A6B1FE29039BAE007D31D9 /* Files */,
			);
			path = Bankey;
			sourceTree = "<group>";
		};
		81A6B1FE29039BAE007D31D9 /* Files */ = {
			isa = PBXGroup;
			children = (
				81A6B1F229039382007D31D9 /* Assets.xcassets */,
				81A6B1F429039382007D31D9 /* LaunchScreen.storyboard */,
				81A6B1F729039382007D31D9 /* Info.plist */,
			);
			name = Files;
			sourceTree = "<group>";
		};
		81A6B20029039BCE007D31D9 /* Login */ = {
			isa = PBXGroup;
			children = (
				81D64905291AD9860027689C /* DummyViewController.swift */,
				81A6B1ED29039380007D31D9 /* LoginViewController.swift */,
				81A6B20129039C23007D31D9 /* LoginView.swift */,
			);
			path = Login;
			sourceTree = "<group>";
		};
		81D5E4C7291F393C007BB8E1 /* AccountSummary */ = {
			isa = PBXGroup;
			children = (
				81D5E4C8291F3999007BB8E1 /* AccountSummaryViewController.swift */,
				81E71AAF2945821F00EDB23A /* AccountSummaryViewController+Networking.swift */,
				81D5E51F29218652007BB8E1 /* Header */,
				81D5E52029218667007BB8E1 /* Cells */,
			);
			path = AccountSummary;
			sourceTree = "<group>";
		};
		81D5E51F29218652007BB8E1 /* Header */ = {
			isa = PBXGroup;
			children = (
				81D5E51D29217645007BB8E1 /* AccountSummaryHeaderView.xib */,
				81D5E51B292175B0007BB8E1 /* AccountSummaryHeaderView.swift */,
			);
			path = Header;
			sourceTree = "<group>";
		};
		81D5E52029218667007BB8E1 /* Cells */ = {
			isa = PBXGroup;
			children = (
				81D5E52129218684007BB8E1 /* AccountSummaryCell.swift */,
			);
			path = Cells;
			sourceTree = "<group>";
		};
		81D5E52C29227F75007BB8E1 /* BankeyUnitTests */ = {
			isa = PBXGroup;
			children = (
				811C6D5829650627009BB349 /* AccountSummary */,
				811C6D5729650613009BB349 /* Utils */,
			);
			path = BankeyUnitTests;
			sourceTree = "<group>";
		};
		81D64907291AE17F0027689C /* Utils */ = {
			isa = PBXGroup;
			children = (
				81D5E4C3291F2E87007BB8E1 /* UIViewController+Utils.swift */,
				81D5E5232921DA5E007BB8E1 /* Decimal+Utils.swift */,
				81D64908291AE1A70027689C /* LocalState.swift */,
				81D5E5252921DA85007BB8E1 /* CurrencyFormatter.swift */,
				81D5E53629229C66007BB8E1 /* NSNotificationName.swift */,
				81D5E53829229EF0007BB8E1 /* UITextFieldSecureToggle.swift */,
				81E71AAD2945816A00EDB23A /* Date+Utils.swift */,
			);
			path = Utils;
			sourceTree = "<group>";
		};
		81F0B4C6290E1A3B008B1B84 /* Onboarding */ = {
			isa = PBXGroup;
			children = (
				81F0B4C9290E1ADA008B1B84 /* OnboardingContainerViewController.swift */,
				81D64903291AB6220027689C /* OnboardingViewController.swift */,
			);
			path = Onboarding;
			sourceTree = "<group>";
		};
/* End PBXGroup section */

/* Begin PBXNativeTarget section */
		81A6B1E529039380007D31D9 /* Bankey */ = {
			isa = PBXNativeTarget;
			buildConfigurationList = 81A6B1FA29039382007D31D9 /* Build configuration list for PBXNativeTarget "Bankey" */;
			buildPhases = (
				81A6B1E229039380007D31D9 /* Sources */,
				81A6B1E329039380007D31D9 /* Frameworks */,
				81A6B1E429039380007D31D9 /* Resources */,
			);
			buildRules = (
			);
			dependencies = (
			);
			name = Bankey;
			productName = Bankey;
			productReference = 81A6B1E629039380007D31D9 /* Bankey.app */;
			productType = "com.apple.product-type.application";
		};
		81D5E52A29227F74007BB8E1 /* BankeyUnitTests */ = {
			isa = PBXNativeTarget;
			buildConfigurationList = 81D5E53129227F75007BB8E1 /* Build configuration list for PBXNativeTarget "BankeyUnitTests" */;
			buildPhases = (
				81D5E52729227F74007BB8E1 /* Sources */,
				81D5E52829227F74007BB8E1 /* Frameworks */,
				81D5E52929227F74007BB8E1 /* Resources */,
			);
			buildRules = (
			);
			dependencies = (
				81D5E53029227F75007BB8E1 /* PBXTargetDependency */,
			);
			name = BankeyUnitTests;
			productName = BankeyUnitTests;
			productReference = 81D5E52B29227F74007BB8E1 /* BankeyUnitTests.xctest */;
			productType = "com.apple.product-type.bundle.unit-test";
		};
/* End PBXNativeTarget section */

/* Begin PBXProject section */
		81A6B1DE29039380007D31D9 /* Project object */ = {
			isa = PBXProject;
			attributes = {
				BuildIndependentTargetsInParallel = 1;
				LastSwiftUpdateCheck = 1410;
				LastUpgradeCheck = 1340;
				TargetAttributes = {
					81A6B1E529039380007D31D9 = {
						CreatedOnToolsVersion = 13.4.1;
					};
					81D5E52A29227F74007BB8E1 = {
						CreatedOnToolsVersion = 14.1;
						LastSwiftMigration = 1410;
						TestTargetID = 81A6B1E529039380007D31D9;
					};
				};
			};
			buildConfigurationList = 81A6B1E129039380007D31D9 /* Build configuration list for PBXProject "Bankey" */;
			compatibilityVersion = "Xcode 13.0";
			developmentRegion = en;
			hasScannedForEncodings = 0;
			knownRegions = (
				en,
				Base,
			);
			mainGroup = 81A6B1DD29039380007D31D9;
			productRefGroup = 81A6B1E729039380007D31D9 /* Products */;
			projectDirPath = "";
			projectRoot = "";
			targets = (
				81A6B1E529039380007D31D9 /* Bankey */,
				81D5E52A29227F74007BB8E1 /* BankeyUnitTests */,
			);
		};
/* End PBXProject section */

/* Begin PBXResourcesBuildPhase section */
		81A6B1E429039380007D31D9 /* Resources */ = {
			isa = PBXResourcesBuildPhase;
			buildActionMask = 2147483647;
			files = (
				81D5E51E29217645007BB8E1 /* AccountSummaryHeaderView.xib in Resources */,
				81A6B1F629039382007D31D9 /* LaunchScreen.storyboard in Resources */,
				81A6B1F329039382007D31D9 /* Assets.xcassets in Resources */,
			);
			runOnlyForDeploymentPostprocessing = 0;
		};
		81D5E52929227F74007BB8E1 /* Resources */ = {
			isa = PBXResourcesBuildPhase;
			buildActionMask = 2147483647;
			files = (
			);
			runOnlyForDeploymentPostprocessing = 0;
		};
/* End PBXResourcesBuildPhase section */

/* Begin PBXSourcesBuildPhase section */
		81A6B1E229039380007D31D9 /* Sources */ = {
			isa = PBXSourcesBuildPhase;
			buildActionMask = 2147483647;
			files = (
				81D5E4C4291F2E87007BB8E1 /* UIViewController+Utils.swift in Sources */,
				81A6B20229039C23007D31D9 /* LoginView.swift in Sources */,
				81D64909291AE1A70027689C /* LocalState.swift in Sources */,
				81D5E51C292175B0007BB8E1 /* AccountSummaryHeaderView.swift in Sources */,
				81D64906291AD9860027689C /* DummyViewController.swift in Sources */,
				81D5E5262921DA85007BB8E1 /* CurrencyFormatter.swift in Sources */,
				81E71AAE2945816A00EDB23A /* Date+Utils.swift in Sources */,
				81E71AB02945821F00EDB23A /* AccountSummaryViewController+Networking.swift in Sources */,
				81A6B1EE29039380007D31D9 /* LoginViewController.swift in Sources */,
				81D5E53729229C66007BB8E1 /* NSNotificationName.swift in Sources */,
				81D5E53929229EF0007BB8E1 /* UITextFieldSecureToggle.swift in Sources */,
				81D5E5242921DA5E007BB8E1 /* Decimal+Utils.swift in Sources */,
				81D5E52229218684007BB8E1 /* AccountSummaryCell.swift in Sources */,
				81D64904291AB6220027689C /* OnboardingViewController.swift in Sources */,
				81D5E4C6291F2F4E007BB8E1 /* MainViewController.swift in Sources */,
				81D5E4C9291F3999007BB8E1 /* AccountSummaryViewController.swift in Sources */,
				81A6B1EA29039380007D31D9 /* AppDelegate.swift in Sources */,
				81F0B4CA290E1ADA008B1B84 /* OnboardingContainerViewController.swift in Sources */,
			);
			runOnlyForDeploymentPostprocessing = 0;
		};
		81D5E52729227F74007BB8E1 /* Sources */ = {
			isa = PBXSourcesBuildPhase;
			buildActionMask = 2147483647;
			files = (
				81D5E53529228053007BB8E1 /* CurrencyFormatterTest.swift in Sources */,
				811C6D5A2965CAA6009BB349 /* ProfileTests.swift in Sources */,
			);
			runOnlyForDeploymentPostprocessing = 0;
		};
/* End PBXSourcesBuildPhase section */

/* Begin PBXTargetDependency section */
		81D5E53029227F75007BB8E1 /* PBXTargetDependency */ = {
			isa = PBXTargetDependency;
			target = 81A6B1E529039380007D31D9 /* Bankey */;
			targetProxy = 81D5E52F29227F75007BB8E1 /* PBXContainerItemProxy */;
		};
/* End PBXTargetDependency section */

/* Begin PBXVariantGroup section */
		81A6B1F429039382007D31D9 /* LaunchScreen.storyboard */ = {
			isa = PBXVariantGroup;
			children = (
				81A6B1F529039382007D31D9 /* Base */,
			);
			name = LaunchScreen.storyboard;
			sourceTree = "<group>";
		};
/* End PBXVariantGroup section */

/* Begin XCBuildConfiguration section */
		81A6B1F829039382007D31D9 /* Debug */ = {
			isa = XCBuildConfiguration;
			buildSettings = {
				ALWAYS_SEARCH_USER_PATHS = NO;
				CLANG_ANALYZER_NONNULL = YES;
				CLANG_ANALYZER_NUMBER_OBJECT_CONVERSION = YES_AGGRESSIVE;
				CLANG_CXX_LANGUAGE_STANDARD = "gnu++17";
				CLANG_ENABLE_MODULES = YES;
				CLANG_ENABLE_OBJC_ARC = YES;
				CLANG_ENABLE_OBJC_WEAK = YES;
				CLANG_WARN_BLOCK_CAPTURE_AUTORELEASING = YES;
				CLANG_WARN_BOOL_CONVERSION = YES;
				CLANG_WARN_COMMA = YES;
				CLANG_WARN_CONSTANT_CONVERSION = YES;
				CLANG_WARN_DEPRECATED_OBJC_IMPLEMENTATIONS = YES;
				CLANG_WARN_DIRECT_OBJC_ISA_USAGE = YES_ERROR;
				CLANG_WARN_DOCUMENTATION_COMMENTS = YES;
				CLANG_WARN_EMPTY_BODY = YES;
				CLANG_WARN_ENUM_CONVERSION = YES;
				CLANG_WARN_INFINITE_RECURSION = YES;
				CLANG_WARN_INT_CONVERSION = YES;
				CLANG_WARN_NON_LITERAL_NULL_CONVERSION = YES;
				CLANG_WARN_OBJC_IMPLICIT_RETAIN_SELF = YES;
				CLANG_WARN_OBJC_LITERAL_CONVERSION = YES;
				CLANG_WARN_OBJC_ROOT_CLASS = YES_ERROR;
				CLANG_WARN_QUOTED_INCLUDE_IN_FRAMEWORK_HEADER = YES;
				CLANG_WARN_RANGE_LOOP_ANALYSIS = YES;
				CLANG_WARN_STRICT_PROTOTYPES = YES;
				CLANG_WARN_SUSPICIOUS_MOVE = YES;
				CLANG_WARN_UNGUARDED_AVAILABILITY = YES_AGGRESSIVE;
				CLANG_WARN_UNREACHABLE_CODE = YES;
				CLANG_WARN__DUPLICATE_METHOD_MATCH = YES;
				COPY_PHASE_STRIP = NO;
				DEBUG_INFORMATION_FORMAT = dwarf;
				ENABLE_STRICT_OBJC_MSGSEND = YES;
				ENABLE_TESTABILITY = YES;
				GCC_C_LANGUAGE_STANDARD = gnu11;
				GCC_DYNAMIC_NO_PIC = NO;
				GCC_NO_COMMON_BLOCKS = YES;
				GCC_OPTIMIZATION_LEVEL = 0;
				GCC_PREPROCESSOR_DEFINITIONS = (
					"DEBUG=1",
					"$(inherited)",
				);
				GCC_WARN_64_TO_32_BIT_CONVERSION = YES;
				GCC_WARN_ABOUT_RETURN_TYPE = YES_ERROR;
				GCC_WARN_UNDECLARED_SELECTOR = YES;
				GCC_WARN_UNINITIALIZED_AUTOS = YES_AGGRESSIVE;
				GCC_WARN_UNUSED_FUNCTION = YES;
				GCC_WARN_UNUSED_VARIABLE = YES;
				IPHONEOS_DEPLOYMENT_TARGET = 15.5;
				MTL_ENABLE_DEBUG_INFO = INCLUDE_SOURCE;
				MTL_FAST_MATH = YES;
				ONLY_ACTIVE_ARCH = YES;
				SDKROOT = iphoneos;
				SWIFT_ACTIVE_COMPILATION_CONDITIONS = DEBUG;
				SWIFT_OPTIMIZATION_LEVEL = "-Onone";
			};
			name = Debug;
		};
		81A6B1F929039382007D31D9 /* Release */ = {
			isa = XCBuildConfiguration;
			buildSettings = {
				ALWAYS_SEARCH_USER_PATHS = NO;
				CLANG_ANALYZER_NONNULL = YES;
				CLANG_ANALYZER_NUMBER_OBJECT_CONVERSION = YES_AGGRESSIVE;
				CLANG_CXX_LANGUAGE_STANDARD = "gnu++17";
				CLANG_ENABLE_MODULES = YES;
				CLANG_ENABLE_OBJC_ARC = YES;
				CLANG_ENABLE_OBJC_WEAK = YES;
				CLANG_WARN_BLOCK_CAPTURE_AUTORELEASING = YES;
				CLANG_WARN_BOOL_CONVERSION = YES;
				CLANG_WARN_COMMA = YES;
				CLANG_WARN_CONSTANT_CONVERSION = YES;
				CLANG_WARN_DEPRECATED_OBJC_IMPLEMENTATIONS = YES;
				CLANG_WARN_DIRECT_OBJC_ISA_USAGE = YES_ERROR;
				CLANG_WARN_DOCUMENTATION_COMMENTS = YES;
				CLANG_WARN_EMPTY_BODY = YES;
				CLANG_WARN_ENUM_CONVERSION = YES;
				CLANG_WARN_INFINITE_RECURSION = YES;
				CLANG_WARN_INT_CONVERSION = YES;
				CLANG_WARN_NON_LITERAL_NULL_CONVERSION = YES;
				CLANG_WARN_OBJC_IMPLICIT_RETAIN_SELF = YES;
				CLANG_WARN_OBJC_LITERAL_CONVERSION = YES;
				CLANG_WARN_OBJC_ROOT_CLASS = YES_ERROR;
				CLANG_WARN_QUOTED_INCLUDE_IN_FRAMEWORK_HEADER = YES;
				CLANG_WARN_RANGE_LOOP_ANALYSIS = YES;
				CLANG_WARN_STRICT_PROTOTYPES = YES;
				CLANG_WARN_SUSPICIOUS_MOVE = YES;
				CLANG_WARN_UNGUARDED_AVAILABILITY = YES_AGGRESSIVE;
				CLANG_WARN_UNREACHABLE_CODE = YES;
				CLANG_WARN__DUPLICATE_METHOD_MATCH = YES;
				COPY_PHASE_STRIP = NO;
				DEBUG_INFORMATION_FORMAT = "dwarf-with-dsym";
				ENABLE_NS_ASSERTIONS = NO;
				ENABLE_STRICT_OBJC_MSGSEND = YES;
				GCC_C_LANGUAGE_STANDARD = gnu11;
				GCC_NO_COMMON_BLOCKS = YES;
				GCC_WARN_64_TO_32_BIT_CONVERSION = YES;
				GCC_WARN_ABOUT_RETURN_TYPE = YES_ERROR;
				GCC_WARN_UNDECLARED_SELECTOR = YES;
				GCC_WARN_UNINITIALIZED_AUTOS = YES_AGGRESSIVE;
				GCC_WARN_UNUSED_FUNCTION = YES;
				GCC_WARN_UNUSED_VARIABLE = YES;
				IPHONEOS_DEPLOYMENT_TARGET = 15.5;
				MTL_ENABLE_DEBUG_INFO = NO;
				MTL_FAST_MATH = YES;
				SDKROOT = iphoneos;
				SWIFT_COMPILATION_MODE = wholemodule;
				SWIFT_OPTIMIZATION_LEVEL = "-O";
				VALIDATE_PRODUCT = YES;
			};
			name = Release;
		};
		81A6B1FB29039382007D31D9 /* Debug */ = {
			isa = XCBuildConfiguration;
			buildSettings = {
				ASSETCATALOG_COMPILER_APPICON_NAME = AppIcon;
				ASSETCATALOG_COMPILER_GLOBAL_ACCENT_COLOR_NAME = AccentColor;
				CODE_SIGN_STYLE = Automatic;
				CURRENT_PROJECT_VERSION = 1;
				GENERATE_INFOPLIST_FILE = YES;
				INFOPLIST_FILE = Bankey/Info.plist;
				INFOPLIST_KEY_UIApplicationSupportsIndirectInputEvents = YES;
				INFOPLIST_KEY_UILaunchStoryboardName = LaunchScreen;
				INFOPLIST_KEY_UISupportedInterfaceOrientations_iPad = "UIInterfaceOrientationPortrait UIInterfaceOrientationPortraitUpsideDown UIInterfaceOrientationLandscapeLeft UIInterfaceOrientationLandscapeRight";
				INFOPLIST_KEY_UISupportedInterfaceOrientations_iPhone = "UIInterfaceOrientationPortrait UIInterfaceOrientationLandscapeLeft UIInterfaceOrientationLandscapeRight";
				LD_RUNPATH_SEARCH_PATHS = (
					"$(inherited)",
					"@executable_path/Frameworks",
				);
				MARKETING_VERSION = 1.0;
				PRODUCT_BUNDLE_IDENTIFIER = com.boris.Bankey;
				PRODUCT_NAME = "$(TARGET_NAME)";
				SWIFT_EMIT_LOC_STRINGS = YES;
				SWIFT_VERSION = 5.0;
				TARGETED_DEVICE_FAMILY = "1,2";
			};
			name = Debug;
		};
		81A6B1FC29039382007D31D9 /* Release */ = {
			isa = XCBuildConfiguration;
			buildSettings = {
				ASSETCATALOG_COMPILER_APPICON_NAME = AppIcon;
				ASSETCATALOG_COMPILER_GLOBAL_ACCENT_COLOR_NAME = AccentColor;
				CODE_SIGN_STYLE = Automatic;
				CURRENT_PROJECT_VERSION = 1;
				GENERATE_INFOPLIST_FILE = YES;
				INFOPLIST_FILE = Bankey/Info.plist;
				INFOPLIST_KEY_UIApplicationSupportsIndirectInputEvents = YES;
				INFOPLIST_KEY_UILaunchStoryboardName = LaunchScreen;
				INFOPLIST_KEY_UISupportedInterfaceOrientations_iPad = "UIInterfaceOrientationPortrait UIInterfaceOrientationPortraitUpsideDown UIInterfaceOrientationLandscapeLeft UIInterfaceOrientationLandscapeRight";
				INFOPLIST_KEY_UISupportedInterfaceOrientations_iPhone = "UIInterfaceOrientationPortrait UIInterfaceOrientationLandscapeLeft UIInterfaceOrientationLandscapeRight";
				LD_RUNPATH_SEARCH_PATHS = (
					"$(inherited)",
					"@executable_path/Frameworks",
				);
				MARKETING_VERSION = 1.0;
				PRODUCT_BUNDLE_IDENTIFIER = com.boris.Bankey;
				PRODUCT_NAME = "$(TARGET_NAME)";
				SWIFT_EMIT_LOC_STRINGS = YES;
				SWIFT_VERSION = 5.0;
				TARGETED_DEVICE_FAMILY = "1,2";
			};
			name = Release;
		};
		81D5E53229227F75007BB8E1 /* Debug */ = {
			isa = XCBuildConfiguration;
			buildSettings = {
				BUNDLE_LOADER = "$(TEST_HOST)";
				CLANG_CXX_LANGUAGE_STANDARD = "gnu++20";
				CLANG_ENABLE_MODULES = YES;
				CODE_SIGN_STYLE = Automatic;
				CURRENT_PROJECT_VERSION = 1;
				GENERATE_INFOPLIST_FILE = YES;
				IPHONEOS_DEPLOYMENT_TARGET = 16.1;
				LD_RUNPATH_SEARCH_PATHS = (
					"$(inherited)",
					"@executable_path/Frameworks",
					"@loader_path/Frameworks",
				);
				MARKETING_VERSION = 1.0;
				PRODUCT_BUNDLE_IDENTIFIER = com.boris.BankeyUnitTests;
				PRODUCT_NAME = "$(TARGET_NAME)";
				SWIFT_EMIT_LOC_STRINGS = NO;
				SWIFT_OPTIMIZATION_LEVEL = "-Onone";
				SWIFT_VERSION = 5.0;
				TARGETED_DEVICE_FAMILY = "1,2";
				TEST_HOST = "$(BUILT_PRODUCTS_DIR)/Bankey.app/$(BUNDLE_EXECUTABLE_FOLDER_PATH)/Bankey";
			};
			name = Debug;
		};
		81D5E53329227F75007BB8E1 /* Release */ = {
			isa = XCBuildConfiguration;
			buildSettings = {
				BUNDLE_LOADER = "$(TEST_HOST)";
				CLANG_CXX_LANGUAGE_STANDARD = "gnu++20";
				CLANG_ENABLE_MODULES = YES;
				CODE_SIGN_STYLE = Automatic;
				CURRENT_PROJECT_VERSION = 1;
				GENERATE_INFOPLIST_FILE = YES;
				IPHONEOS_DEPLOYMENT_TARGET = 16.1;
				LD_RUNPATH_SEARCH_PATHS = (
					"$(inherited)",
					"@executable_path/Frameworks",
					"@loader_path/Frameworks",
				);
				MARKETING_VERSION = 1.0;
				PRODUCT_BUNDLE_IDENTIFIER = com.boris.BankeyUnitTests;
				PRODUCT_NAME = "$(TARGET_NAME)";
				SWIFT_EMIT_LOC_STRINGS = NO;
				SWIFT_VERSION = 5.0;
				TARGETED_DEVICE_FAMILY = "1,2";
				TEST_HOST = "$(BUILT_PRODUCTS_DIR)/Bankey.app/$(BUNDLE_EXECUTABLE_FOLDER_PATH)/Bankey";
			};
			name = Release;
		};
/* End XCBuildConfiguration section */

/* Begin XCConfigurationList section */
		81A6B1E129039380007D31D9 /* Build configuration list for PBXProject "Bankey" */ = {
			isa = XCConfigurationList;
			buildConfigurations = (
				81A6B1F829039382007D31D9 /* Debug */,
				81A6B1F929039382007D31D9 /* Release */,
			);
			defaultConfigurationIsVisible = 0;
			defaultConfigurationName = Release;
		};
		81A6B1FA29039382007D31D9 /* Build configuration list for PBXNativeTarget "Bankey" */ = {
			isa = XCConfigurationList;
			buildConfigurations = (
				81A6B1FB29039382007D31D9 /* Debug */,
				81A6B1FC29039382007D31D9 /* Release */,
			);
			defaultConfigurationIsVisible = 0;
			defaultConfigurationName = Release;
		};
		81D5E53129227F75007BB8E1 /* Build configuration list for PBXNativeTarget "BankeyUnitTests" */ = {
			isa = XCConfigurationList;
			buildConfigurations = (
				81D5E53229227F75007BB8E1 /* Debug */,
				81D5E53329227F75007BB8E1 /* Release */,
			);
			defaultConfigurationIsVisible = 0;
			defaultConfigurationName = Release;
		};
/* End XCConfigurationList section */
	};
	rootObject = 81A6B1DE29039380007D31D9 /* Project object */;
}
